// !$*UTF8*$!
{
	archiveVersion = 1;
	classes = {
	};
	objectVersion = 50;
	objects = {

/* Begin PBXBuildFile section */
		93354DB924188E14002F42B1 /* AppDelegate.swift in Sources */ = {isa = PBXBuildFile; fileRef = 93354DB824188E14002F42B1 /* AppDelegate.swift */; };
		93354DBB24188E14002F42B1 /* SceneDelegate.swift in Sources */ = {isa = PBXBuildFile; fileRef = 93354DBA24188E14002F42B1 /* SceneDelegate.swift */; };
		93354DBD24188E14002F42B1 /* ViewController.swift in Sources */ = {isa = PBXBuildFile; fileRef = 93354DBC24188E14002F42B1 /* ViewController.swift */; };
		93354DC024188E14002F42B1 /* Main.storyboard in Resources */ = {isa = PBXBuildFile; fileRef = 93354DBE24188E14002F42B1 /* Main.storyboard */; };
		93354DC224188E15002F42B1 /* Assets.xcassets in Resources */ = {isa = PBXBuildFile; fileRef = 93354DC124188E15002F42B1 /* Assets.xcassets */; };
		93354DC524188E15002F42B1 /* LaunchScreen.storyboard in Resources */ = {isa = PBXBuildFile; fileRef = 93354DC324188E15002F42B1 /* LaunchScreen.storyboard */; };
		93354DD724188E66002F42B1 /* ExtensionHUIImageView.swift in Sources */ = {isa = PBXBuildFile; fileRef = 93354DCD24188E66002F42B1 /* ExtensionHUIImageView.swift */; };
		93354DDB24188E66002F42B1 /* HImageViewDelegate.swift in Sources */ = {isa = PBXBuildFile; fileRef = 93354DD224188E66002F42B1 /* HImageViewDelegate.swift */; };
		93354DDC24188E66002F42B1 /* Support.swift in Sources */ = {isa = PBXBuildFile; fileRef = 93354DD324188E66002F42B1 /* Support.swift */; };
		93354DDD24188E66002F42B1 /* ExtensionGestureRecognizerDelegate.swift in Sources */ = {isa = PBXBuildFile; fileRef = 93354DD424188E66002F42B1 /* ExtensionGestureRecognizerDelegate.swift */; };
		93354DDE24188E66002F42B1 /* HImageViewConfigure.swift in Sources */ = {isa = PBXBuildFile; fileRef = 93354DD524188E66002F42B1 /* HImageViewConfigure.swift */; };
		93354DDF24188E66002F42B1 /* HUIImageView.swift in Sources */ = {isa = PBXBuildFile; fileRef = 93354DD624188E66002F42B1 /* HUIImageView.swift */; };
		93354DE72418927F002F42B1 /* MediaCell.swift in Sources */ = {isa = PBXBuildFile; fileRef = 93354DE52418927F002F42B1 /* MediaCell.swift */; };
		93354DE82418927F002F42B1 /* MediaCell.xib in Resources */ = {isa = PBXBuildFile; fileRef = 93354DE62418927F002F42B1 /* MediaCell.xib */; };
/* End PBXBuildFile section */

/* Begin PBXFileReference section */
		93354DB524188E14002F42B1 /* ExampleZoomCell.app */ = {isa = PBXFileReference; explicitFileType = wrapper.application; includeInIndex = 0; path = ExampleZoomCell.app; sourceTree = BUILT_PRODUCTS_DIR; };
		93354DB824188E14002F42B1 /* AppDelegate.swift */ = {isa = PBXFileReference; lastKnownFileType = sourcecode.swift; path = AppDelegate.swift; sourceTree = "<group>"; };
		93354DBA24188E14002F42B1 /* SceneDelegate.swift */ = {isa = PBXFileReference; lastKnownFileType = sourcecode.swift; path = SceneDelegate.swift; sourceTree = "<group>"; };
		93354DBC24188E14002F42B1 /* ViewController.swift */ = {isa = PBXFileReference; lastKnownFileType = sourcecode.swift; path = ViewController.swift; sourceTree = "<group>"; };
		93354DBF24188E14002F42B1 /* Base */ = {isa = PBXFileReference; lastKnownFileType = file.storyboard; name = Base; path = Base.lproj/Main.storyboard; sourceTree = "<group>"; };
		93354DC124188E15002F42B1 /* Assets.xcassets */ = {isa = PBXFileReference; lastKnownFileType = folder.assetcatalog; path = Assets.xcassets; sourceTree = "<group>"; };
		93354DC424188E15002F42B1 /* Base */ = {isa = PBXFileReference; lastKnownFileType = file.storyboard; name = Base; path = Base.lproj/LaunchScreen.storyboard; sourceTree = "<group>"; };
		93354DC624188E15002F42B1 /* Info.plist */ = {isa = PBXFileReference; lastKnownFileType = text.plist.xml; path = Info.plist; sourceTree = "<group>"; };
		93354DCD24188E66002F42B1 /* ExtensionHUIImageView.swift */ = {isa = PBXFileReference; fileEncoding = 4; lastKnownFileType = sourcecode.swift; path = ExtensionHUIImageView.swift; sourceTree = "<group>"; };
		93354DD224188E66002F42B1 /* HImageViewDelegate.swift */ = {isa = PBXFileReference; fileEncoding = 4; lastKnownFileType = sourcecode.swift; path = HImageViewDelegate.swift; sourceTree = "<group>"; };
		93354DD324188E66002F42B1 /* Support.swift */ = {isa = PBXFileReference; fileEncoding = 4; lastKnownFileType = sourcecode.swift; path = Support.swift; sourceTree = "<group>"; };
		93354DD424188E66002F42B1 /* ExtensionGestureRecognizerDelegate.swift */ = {isa = PBXFileReference; fileEncoding = 4; lastKnownFileType = sourcecode.swift; path = ExtensionGestureRecognizerDelegate.swift; sourceTree = "<group>"; };
		93354DD524188E66002F42B1 /* HImageViewConfigure.swift */ = {isa = PBXFileReference; fileEncoding = 4; lastKnownFileType = sourcecode.swift; path = HImageViewConfigure.swift; sourceTree = "<group>"; };
		93354DD624188E66002F42B1 /* HUIImageView.swift */ = {isa = PBXFileReference; fileEncoding = 4; lastKnownFileType = sourcecode.swift; path = HUIImageView.swift; sourceTree = "<group>"; };
		93354DE52418927F002F42B1 /* MediaCell.swift */ = {isa = PBXFileReference; lastKnownFileType = sourcecode.swift; path = MediaCell.swift; sourceTree = "<group>"; };
		93354DE62418927F002F42B1 /* MediaCell.xib */ = {isa = PBXFileReference; lastKnownFileType = file.xib; path = MediaCell.xib; sourceTree = "<group>"; };
/* End PBXFileReference section */

/* Begin PBXFrameworksBuildPhase section */
		93354DB224188E14002F42B1 /* Frameworks */ = {
			isa = PBXFrameworksBuildPhase;
			buildActionMask = 2147483647;
			files = (
			);
			runOnlyForDeploymentPostprocessing = 0;
		};
/* End PBXFrameworksBuildPhase section */

/* Begin PBXGroup section */
		93354DAC24188E14002F42B1 = {
			isa = PBXGroup;
			children = (
				93354DB724188E14002F42B1 /* ExampleZoomCell */,
				93354DB624188E14002F42B1 /* Products */,
			);
			sourceTree = "<group>";
		};
		93354DB624188E14002F42B1 /* Products */ = {
			isa = PBXGroup;
			children = (
				93354DB524188E14002F42B1 /* ExampleZoomCell.app */,
			);
			name = Products;
			sourceTree = "<group>";
		};
		93354DB724188E14002F42B1 /* ExampleZoomCell */ = {
			isa = PBXGroup;
			children = (
				93354DE024188E96002F42B1 /* Cells */,
				93354DCC24188E66002F42B1 /* ZoomCell */,
				93354DB824188E14002F42B1 /* AppDelegate.swift */,
				93354DBA24188E14002F42B1 /* SceneDelegate.swift */,
				93354DBC24188E14002F42B1 /* ViewController.swift */,
				93354DBE24188E14002F42B1 /* Main.storyboard */,
				93354DC124188E15002F42B1 /* Assets.xcassets */,
				93354DC324188E15002F42B1 /* LaunchScreen.storyboard */,
				93354DC624188E15002F42B1 /* Info.plist */,
			);
			path = ExampleZoomCell;
			sourceTree = "<group>";
		};
		93354DCC24188E66002F42B1 /* ZoomCell */ = {
			isa = PBXGroup;
			children = (
				93354DCD24188E66002F42B1 /* ExtensionHUIImageView.swift */,
				93354DD224188E66002F42B1 /* HImageViewDelegate.swift */,
				93354DD324188E66002F42B1 /* Support.swift */,
				93354DD424188E66002F42B1 /* ExtensionGestureRecognizerDelegate.swift */,
				93354DD524188E66002F42B1 /* HImageViewConfigure.swift */,
				93354DD624188E66002F42B1 /* HUIImageView.swift */,
			);
			path = ZoomCell;
			sourceTree = "<group>";
		};
		93354DE024188E96002F42B1 /* Cells */ = {
			isa = PBXGroup;
			children = (
				93354DE52418927F002F42B1 /* MediaCell.swift */,
				93354DE62418927F002F42B1 /* MediaCell.xib */,
			);
			path = Cells;
			sourceTree = "<group>";
		};
/* End PBXGroup section */

/* Begin PBXNativeTarget section */
		93354DB424188E14002F42B1 /* ExampleZoomCell */ = {
			isa = PBXNativeTarget;
			buildConfigurationList = 93354DC924188E15002F42B1 /* Build configuration list for PBXNativeTarget "ExampleZoomCell" */;
			buildPhases = (
				93354DB124188E14002F42B1 /* Sources */,
				93354DB224188E14002F42B1 /* Frameworks */,
				93354DB324188E14002F42B1 /* Resources */,
			);
			buildRules = (
			);
			dependencies = (
			);
			name = ExampleZoomCell;
			productName = ExampleZoomCell;
			productReference = 93354DB524188E14002F42B1 /* ExampleZoomCell.app */;
			productType = "com.apple.product-type.application";
		};
/* End PBXNativeTarget section */

/* Begin PBXProject section */
		93354DAD24188E14002F42B1 /* Project object */ = {
			isa = PBXProject;
			attributes = {
				LastSwiftUpdateCheck = 1120;
				LastUpgradeCheck = 1120;
				ORGANIZATIONNAME = Azibai;
				TargetAttributes = {
					93354DB424188E14002F42B1 = {
						CreatedOnToolsVersion = 11.2.1;
					};
				};
			};
			buildConfigurationList = 93354DB024188E14002F42B1 /* Build configuration list for PBXProject "ExampleZoomCell" */;
			compatibilityVersion = "Xcode 9.3";
			developmentRegion = en;
			hasScannedForEncodings = 0;
			knownRegions = (
				en,
				Base,
			);
			mainGroup = 93354DAC24188E14002F42B1;
			productRefGroup = 93354DB624188E14002F42B1 /* Products */;
			projectDirPath = "";
			projectRoot = "";
			targets = (
				93354DB424188E14002F42B1 /* ExampleZoomCell */,
			);
		};
/* End PBXProject section */

/* Begin PBXResourcesBuildPhase section */
		93354DB324188E14002F42B1 /* Resources */ = {
			isa = PBXResourcesBuildPhase;
			buildActionMask = 2147483647;
			files = (
				93354DC524188E15002F42B1 /* LaunchScreen.storyboard in Resources */,
				93354DC224188E15002F42B1 /* Assets.xcassets in Resources */,
				93354DE82418927F002F42B1 /* MediaCell.xib in Resources */,
				93354DC024188E14002F42B1 /* Main.storyboard in Resources */,
			);
			runOnlyForDeploymentPostprocessing = 0;
		};
/* End PBXResourcesBuildPhase section */

/* Begin PBXSourcesBuildPhase section */
		93354DB124188E14002F42B1 /* Sources */ = {
			isa = PBXSourcesBuildPhase;
			buildActionMask = 2147483647;
			files = (
				93354DDF24188E66002F42B1 /* HUIImageView.swift in Sources */,
				93354DDE24188E66002F42B1 /* HImageViewConfigure.swift in Sources */,
				93354DE72418927F002F42B1 /* MediaCell.swift in Sources */,
				93354DBD24188E14002F42B1 /* ViewController.swift in Sources */,
				93354DB924188E14002F42B1 /* AppDelegate.swift in Sources */,
				93354DDB24188E66002F42B1 /* HImageViewDelegate.swift in Sources */,
				93354DBB24188E14002F42B1 /* SceneDelegate.swift in Sources */,
				93354DDC24188E66002F42B1 /* Support.swift in Sources */,
				93354DD724188E66002F42B1 /* ExtensionHUIImageView.swift in Sources */,
				93354DDD24188E66002F42B1 /* ExtensionGestureRecognizerDelegate.swift in Sources */,
			);
			runOnlyForDeploymentPostprocessing = 0;
		};
/* End PBXSourcesBuildPhase section */

/* Begin PBXVariantGroup section */
		93354DBE24188E14002F42B1 /* Main.storyboard */ = {
			isa = PBXVariantGroup;
			children = (
				93354DBF24188E14002F42B1 /* Base */,
			);
			name = Main.storyboard;
			sourceTree = "<group>";
		};
		93354DC324188E15002F42B1 /* LaunchScreen.storyboard */ = {
			isa = PBXVariantGroup;
			children = (
				93354DC424188E15002F42B1 /* Base */,
			);
			name = LaunchScreen.storyboard;
			sourceTree = "<group>";
		};
/* End PBXVariantGroup section */

/* Begin XCBuildConfiguration section */
		93354DC724188E15002F42B1 /* Debug */ = {
			isa = XCBuildConfiguration;
			buildSettings = {
				ALWAYS_SEARCH_USER_PATHS = NO;
				CLANG_ANALYZER_NONNULL = YES;
				CLANG_ANALYZER_NUMBER_OBJECT_CONVERSION = YES_AGGRESSIVE;
				CLANG_CXX_LANGUAGE_STANDARD = "gnu++14";
				CLANG_CXX_LIBRARY = "libc++";
				CLANG_ENABLE_MODULES = YES;
				CLANG_ENABLE_OBJC_ARC = YES;
				CLANG_ENABLE_OBJC_WEAK = YES;
				CLANG_WARN_BLOCK_CAPTURE_AUTORELEASING = YES;
				CLANG_WARN_BOOL_CONVERSION = YES;
				CLANG_WARN_COMMA = YES;
				CLANG_WARN_CONSTANT_CONVERSION = YES;
				CLANG_WARN_DEPRECATED_OBJC_IMPLEMENTATIONS = YES;
				CLANG_WARN_DIRECT_OBJC_ISA_USAGE = YES_ERROR;
				CLANG_WARN_DOCUMENTATION_COMMENTS = YES;
				CLANG_WARN_EMPTY_BODY = YES;
				CLANG_WARN_ENUM_CONVERSION = YES;
				CLANG_WARN_INFINITE_RECURSION = YES;
				CLANG_WARN_INT_CONVERSION = YES;
				CLANG_WARN_NON_LITERAL_NULL_CONVERSION = YES;
				CLANG_WARN_OBJC_IMPLICIT_RETAIN_SELF = YES;
				CLANG_WARN_OBJC_LITERAL_CONVERSION = YES;
				CLANG_WARN_OBJC_ROOT_CLASS = YES_ERROR;
				CLANG_WARN_RANGE_LOOP_ANALYSIS = YES;
				CLANG_WARN_STRICT_PROTOTYPES = YES;
				CLANG_WARN_SUSPICIOUS_MOVE = YES;
				CLANG_WARN_UNGUARDED_AVAILABILITY = YES_AGGRESSIVE;
				CLANG_WARN_UNREACHABLE_CODE = YES;
				CLANG_WARN__DUPLICATE_METHOD_MATCH = YES;
				COPY_PHASE_STRIP = NO;
				DEBUG_INFORMATION_FORMAT = dwarf;
				ENABLE_STRICT_OBJC_MSGSEND = YES;
				ENABLE_TESTABILITY = YES;
				GCC_C_LANGUAGE_STANDARD = gnu11;
				GCC_DYNAMIC_NO_PIC = NO;
				GCC_NO_COMMON_BLOCKS = YES;
				GCC_OPTIMIZATION_LEVEL = 0;
				GCC_PREPROCESSOR_DEFINITIONS = (
					"DEBUG=1",
					"$(inherited)",
				);
				GCC_WARN_64_TO_32_BIT_CONVERSION = YES;
				GCC_WARN_ABOUT_RETURN_TYPE = YES_ERROR;
				GCC_WARN_UNDECLARED_SELECTOR = YES;
				GCC_WARN_UNINITIALIZED_AUTOS = YES_AGGRESSIVE;
				GCC_WARN_UNUSED_FUNCTION = YES;
				GCC_WARN_UNUSED_VARIABLE = YES;
				IPHONEOS_DEPLOYMENT_TARGET = 13.2;
				MTL_ENABLE_DEBUG_INFO = INCLUDE_SOURCE;
				MTL_FAST_MATH = YES;
				ONLY_ACTIVE_ARCH = YES;
				SDKROOT = iphoneos;
				SWIFT_ACTIVE_COMPILATION_CONDITIONS = DEBUG;
				SWIFT_OPTIMIZATION_LEVEL = "-Onone";
			};
			name = Debug;
		};
		93354DC824188E15002F42B1 /* Release */ = {
			isa = XCBuildConfiguration;
			buildSettings = {
				ALWAYS_SEARCH_USER_PATHS = NO;
				CLANG_ANALYZER_NONNULL = YES;
				CLANG_ANALYZER_NUMBER_OBJECT_CONVERSION = YES_AGGRESSIVE;
				CLANG_CXX_LANGUAGE_STANDARD = "gnu++14";
				CLANG_CXX_LIBRARY = "libc++";
				CLANG_ENABLE_MODULES = YES;
				CLANG_ENABLE_OBJC_ARC = YES;
				CLANG_ENABLE_OBJC_WEAK = YES;
				CLANG_WARN_BLOCK_CAPTURE_AUTORELEASING = YES;
				CLANG_WARN_BOOL_CONVERSION = YES;
				CLANG_WARN_COMMA = YES;
				CLANG_WARN_CONSTANT_CONVERSION = YES;
				CLANG_WARN_DEPRECATED_OBJC_IMPLEMENTATIONS = YES;
				CLANG_WARN_DIRECT_OBJC_ISA_USAGE = YES_ERROR;
				CLANG_WARN_DOCUMENTATION_COMMENTS = YES;
				CLANG_WARN_EMPTY_BODY = YES;
				CLANG_WARN_ENUM_CONVERSION = YES;
				CLANG_WARN_INFINITE_RECURSION = YES;
				CLANG_WARN_INT_CONVERSION = YES;
				CLANG_WARN_NON_LITERAL_NULL_CONVERSION = YES;
				CLANG_WARN_OBJC_IMPLICIT_RETAIN_SELF = YES;
				CLANG_WARN_OBJC_LITERAL_CONVERSION = YES;
				CLANG_WARN_OBJC_ROOT_CLASS = YES_ERROR;
				CLANG_WARN_RANGE_LOOP_ANALYSIS = YES;
				CLANG_WARN_STRICT_PROTOTYPES = YES;
				CLANG_WARN_SUSPICIOUS_MOVE = YES;
				CLANG_WARN_UNGUARDED_AVAILABILITY = YES_AGGRESSIVE;
				CLANG_WARN_UNREACHABLE_CODE = YES;
				CLANG_WARN__DUPLICATE_METHOD_MATCH = YES;
				COPY_PHASE_STRIP = NO;
				DEBUG_INFORMATION_FORMAT = "dwarf-with-dsym";
				ENABLE_NS_ASSERTIONS = NO;
				ENABLE_STRICT_OBJC_MSGSEND = YES;
				GCC_C_LANGUAGE_STANDARD = gnu11;
				GCC_NO_COMMON_BLOCKS = YES;
				GCC_WARN_64_TO_32_BIT_CONVERSION = YES;
				GCC_WARN_ABOUT_RETURN_TYPE = YES_ERROR;
				GCC_WARN_UNDECLARED_SELECTOR = YES;
				GCC_WARN_UNINITIALIZED_AUTOS = YES_AGGRESSIVE;
				GCC_WARN_UNUSED_FUNCTION = YES;
				GCC_WARN_UNUSED_VARIABLE = YES;
				IPHONEOS_DEPLOYMENT_TARGET = 13.2;
				MTL_ENABLE_DEBUG_INFO = NO;
				MTL_FAST_MATH = YES;
				SDKROOT = iphoneos;
				SWIFT_COMPILATION_MODE = wholemodule;
				SWIFT_OPTIMIZATION_LEVEL = "-O";
				VALIDATE_PRODUCT = YES;
			};
			name = Release;
		};
		93354DCA24188E15002F42B1 /* Debug */ = {
			isa = XCBuildConfiguration;
			buildSettings = {
				ASSETCATALOG_COMPILER_APPICON_NAME = AppIcon;
				CODE_SIGN_STYLE = Automatic;
				DEVELOPMENT_TEAM = 4XB4SZ6RM3;
				INFOPLIST_FILE = ExampleZoomCell/Info.plist;
				LD_RUNPATH_SEARCH_PATHS = (
					"$(inherited)",
					"@executable_path/Frameworks",
				);
				PRODUCT_BUNDLE_IDENTIFIER = com.hieunguyenAzibai;
				PRODUCT_NAME = "$(TARGET_NAME)";
				SWIFT_VERSION = 5.0;
				TARGETED_DEVICE_FAMILY = "1,2";
			};
			name = Debug;
		};
		93354DCB24188E15002F42B1 /* Release */ = {
			isa = XCBuildConfiguration;
			buildSettings = {
				ASSETCATALOG_COMPILER_APPICON_NAME = AppIcon;
				CODE_SIGN_STYLE = Automatic;
				DEVELOPMENT_TEAM = 4XB4SZ6RM3;
				INFOPLIST_FILE = ExampleZoomCell/Info.plist;
				LD_RUNPATH_SEARCH_PATHS = (
					"$(inherited)",
					"@executable_path/Frameworks",
				);
				PRODUCT_BUNDLE_IDENTIFIER = com.hieunguyenAzibai;
				PRODUCT_NAME = "$(TARGET_NAME)";
				SWIFT_VERSION = 5.0;
				TARGETED_DEVICE_FAMILY = "1,2";
			};
			name = Release;
		};
/* End XCBuildConfiguration section */

/* Begin XCConfigurationList section */
		93354DB024188E14002F42B1 /* Build configuration list for PBXProject "ExampleZoomCell" */ = {
			isa = XCConfigurationList;
			buildConfigurations = (
				93354DC724188E15002F42B1 /* Debug */,
				93354DC824188E15002F42B1 /* Release */,
			);
			defaultConfigurationIsVisible = 0;
			defaultConfigurationName = Release;
		};
		93354DC924188E15002F42B1 /* Build configuration list for PBXNativeTarget "ExampleZoomCell" */ = {
			isa = XCConfigurationList;
			buildConfigurations = (
				93354DCA24188E15002F42B1 /* Debug */,
				93354DCB24188E15002F42B1 /* Release */,
			);
			defaultConfigurationIsVisible = 0;
			defaultConfigurationName = Release;
		};
/* End XCConfigurationList section */
	};
	rootObject = 93354DAD24188E14002F42B1 /* Project object */;
}
